// !$*UTF8*$!
{
	archiveVersion = 1;
	classes = {
	};
	objectVersion = 46;
	objects = {

/* Begin PBXBuildFile section */
		1347A76019E733C800EC86D5 /* main.cpp in Sources */ = {isa = PBXBuildFile; fileRef = 1347A75F19E733C800EC86D5 /* main.cpp */; };
		1347A76819E7347E00EC86D5 /* xmlParser.cpp in Sources */ = {isa = PBXBuildFile; fileRef = 1347A76619E7347E00EC86D5 /* xmlParser.cpp */; };
/* End PBXBuildFile section */

/* Begin PBXCopyFilesBuildPhase section */
		1347A75A19E733C800EC86D5 /* CopyFiles */ = {
			isa = PBXCopyFilesBuildPhase;
			buildActionMask = 2147483647;
			dstPath = /usr/share/man/man1/;
			dstSubfolderSpec = 0;
			files = (
			);
			runOnlyForDeploymentPostprocessing = 1;
		};
/* End PBXCopyFilesBuildPhase section */

/* Begin PBXFileReference section */
		1347A75C19E733C800EC86D5 /* create_index */ = {isa = PBXFileReference; explicitFileType = "compiled.mach-o.executable"; includeInIndex = 0; path = create_index; sourceTree = BUILT_PRODUCTS_DIR; };
		1347A75F19E733C800EC86D5 /* main.cpp */ = {isa = PBXFileReference; lastKnownFileType = sourcecode.cpp.cpp; path = main.cpp; sourceTree = "<group>"; };
		1347A76619E7347E00EC86D5 /* xmlParser.cpp */ = {isa = PBXFileReference; fileEncoding = 4; lastKnownFileType = sourcecode.cpp.cpp; path = xmlParser.cpp; sourceTree = "<group>"; };
		1347A76719E7347E00EC86D5 /* xmlparser.h */ = {isa = PBXFileReference; fileEncoding = 4; lastKnownFileType = sourcecode.c.h; path = xmlparser.h; sourceTree = "<group>"; };
/* End PBXFileReference section */

/* Begin PBXFrameworksBuildPhase section */
		1347A75919E733C800EC86D5 /* Frameworks */ = {
			isa = PBXFrameworksBuildPhase;
			buildActionMask = 2147483647;
			files = (
			);
			runOnlyForDeploymentPostprocessing = 0;
		};
/* End PBXFrameworksBuildPhase section */

/* Begin PBXGroup section */
		1347A75319E733C800EC86D5 = {
			isa = PBXGroup;
			children = (
				1347A75E19E733C800EC86D5 /* create_index */,
				1347A75D19E733C800EC86D5 /* Products */,
			);
			sourceTree = "<group>";
		};
		1347A75D19E733C800EC86D5 /* Products */ = {
			isa = PBXGroup;
			children = (
				1347A75C19E733C800EC86D5 /* create_index */,
			);
			name = Products;
			sourceTree = "<group>";
		};
		1347A75E19E733C800EC86D5 /* create_index */ = {
			isa = PBXGroup;
			children = (
				1347A75F19E733C800EC86D5 /* main.cpp */,
				1347A76619E7347E00EC86D5 /* xmlParser.cpp */,
				1347A76719E7347E00EC86D5 /* xmlparser.h */,
			);
			path = create_index;
			sourceTree = "<group>";
		};
/* End PBXGroup section */

/* Begin PBXNativeTarget section */
		1347A75B19E733C800EC86D5 /* create_index */ = {
			isa = PBXNativeTarget;
			buildConfigurationList = 1347A76319E733C800EC86D5 /* Build configuration list for PBXNativeTarget "create_index" */;
			buildPhases = (
				1347A75819E733C800EC86D5 /* Sources */,
				1347A75919E733C800EC86D5 /* Frameworks */,
				1347A75A19E733C800EC86D5 /* CopyFiles */,
			);
			buildRules = (
			);
			dependencies = (
			);
			name = create_index;
			productName = create_index;
			productReference = 1347A75C19E733C800EC86D5 /* create_index */;
			productType = "com.apple.product-type.tool";
		};
/* End PBXNativeTarget section */

/* Begin PBXProject section */
		1347A75419E733C800EC86D5 /* Project object */ = {
			isa = PBXProject;
			attributes = {
				LastUpgradeCheck = 0600;
				ORGANIZATIONNAME = "Alexey Schutsky";
				TargetAttributes = {
					1347A75B19E733C800EC86D5 = {
						CreatedOnToolsVersion = 6.0.1;
					};
				};
			};
			buildConfigurationList = 1347A75719E733C800EC86D5 /* Build configuration list for PBXProject "create_index" */;
			compatibilityVersion = "Xcode 3.2";
			developmentRegion = English;
			hasScannedForEncodings = 0;
			knownRegions = (
				en,
			);
			mainGroup = 1347A75319E733C800EC86D5;
			productRefGroup = 1347A75D19E733C800EC86D5 /* Products */;
			projectDirPath = "";
			projectRoot = "";
			targets = (
				1347A75B19E733C800EC86D5 /* create_index */,
			);
		};
/* End PBXProject section */

/* Begin PBXSourcesBuildPhase section */
		1347A75819E733C800EC86D5 /* Sources */ = {
			isa = PBXSourcesBuildPhase;
			buildActionMask = 2147483647;
			files = (
				1347A76819E7347E00EC86D5 /* xmlParser.cpp in Sources */,
				1347A76019E733C800EC86D5 /* main.cpp in Sources */,
			);
			runOnlyForDeploymentPostprocessing = 0;
		};
/* End PBXSourcesBuildPhase section */

/* Begin XCBuildConfiguration section */
		1347A76119E733C800EC86D5 /* Debug */ = {
			isa = XCBuildConfiguration;
			buildSettings = {
				ALWAYS_SEARCH_USER_PATHS = NO;
				CLANG_CXX_LANGUAGE_STANDARD = "gnu++0x";
				CLANG_CXX_LIBRARY = "libc++";
				CLANG_ENABLE_MODULES = YES;
				CLANG_ENABLE_OBJC_ARC = YES;
				CLANG_WARN_BOOL_CONVERSION = YES;
				CLANG_WARN_CONSTANT_CONVERSION = YES;
				CLANG_WARN_DIRECT_OBJC_ISA_USAGE = YES_ERROR;
				CLANG_WARN_EMPTY_BODY = YES;
				CLANG_WARN_ENUM_CONVERSION = YES;
				CLANG_WARN_INT_CONVERSION = YES;
				CLANG_WARN_OBJC_ROOT_CLASS = YES_ERROR;
				CLANG_WARN_UNREACHABLE_CODE = YES;
				CLANG_WARN__DUPLICATE_METHOD_MATCH = YES;
				COPY_PHASE_STRIP = NO;
				ENABLE_STRICT_OBJC_MSGSEND = YES;
				GCC_C_LANGUAGE_STANDARD = gnu99;
				GCC_DYNAMIC_NO_PIC = NO;
				GCC_OPTIMIZATION_LEVEL = 0;
				GCC_PREPROCESSOR_DEFINITIONS = (
					"DEBUG=1",
					"$(inherited)",
				);
				GCC_SYMBOLS_PRIVATE_EXTERN = NO;
				GCC_WARN_64_TO_32_BIT_CONVERSION = YES;
				GCC_WARN_ABOUT_RETURN_TYPE = YES_ERROR;
				GCC_WARN_UNDECLARED_SELECTOR = YES;
				GCC_WARN_UNINITIALIZED_AUTOS = YES_AGGRESSIVE;
				GCC_WARN_UNUSED_FUNCTION = YES;
				GCC_WARN_UNUSED_VARIABLE = YES;
				MACOSX_DEPLOYMENT_TARGET = 10.9;
				MTL_ENABLE_DEBUG_INFO = YES;
				ONLY_ACTIVE_ARCH = YES;
				SDKROOT = macosx;
			};
			name = Debug;
		};
		1347A76219E733C800EC86D5 /* Release */ = {
			isa = XCBuildConfiguration;
			buildSettings = {
				ALWAYS_SEARCH_USER_PATHS = NO;
				CLANG_CXX_LANGUAGE_STANDARD = "gnu++0x";
				CLANG_CXX_LIBRARY = "libc++";
				CLANG_ENABLE_MODULES = YES;
				CLANG_ENABLE_OBJC_ARC = YES;
				CLANG_WARN_BOOL_CONVERSION = YES;
				CLANG_WARN_CONSTANT_CONVERSION = YES;
				CLANG_WARN_DIRECT_OBJC_ISA_USAGE = YES_ERROR;
				CLANG_WARN_EMPTY_BODY = YES;
				CLANG_WARN_ENUM_CONVERSION = YES;
				CLANG_WARN_INT_CONVERSION = YES;
				CLANG_WARN_OBJC_ROOT_CLASS = YES_ERROR;
				CLANG_WARN_UNREACHABLE_CODE = YES;
				CLANG_WARN__DUPLICATE_METHOD_MATCH = YES;
				COPY_PHASE_STRIP = YES;
				DEBUG_INFORMATION_FORMAT = "dwarf-with-dsym";
				ENABLE_NS_ASSERTIONS = NO;
				ENABLE_STRICT_OBJC_MSGSEND = YES;
				GCC_C_LANGUAGE_STANDARD = gnu99;
				GCC_WARN_64_TO_32_BIT_CONVERSION = YES;
				GCC_WARN_ABOUT_RETURN_TYPE = YES_ERROR;
				GCC_WARN_UNDECLARED_SELECTOR = YES;
				GCC_WARN_UNINITIALIZED_AUTOS = YES_AGGRESSIVE;
				GCC_WARN_UNUSED_FUNCTION = YES;
				GCC_WARN_UNUSED_VARIABLE = YES;
				MACOSX_DEPLOYMENT_TARGET = 10.9;
				MTL_ENABLE_DEBUG_INFO = NO;
				SDKROOT = macosx;
			};
			name = Release;
		};
		1347A76419E733C800EC86D5 /* Debug */ = {
			isa = XCBuildConfiguration;
			buildSettings = {
				PRODUCT_NAME = "$(TARGET_NAME)";
			};
			name = Debug;
		};
		1347A76519E733C800EC86D5 /* Release */ = {
			isa = XCBuildConfiguration;
			buildSettings = {
				PRODUCT_NAME = "$(TARGET_NAME)";
			};
			name = Release;
		};
/* End XCBuildConfiguration section */

/* Begin XCConfigurationList section */
		1347A75719E733C800EC86D5 /* Build configuration list for PBXProject "create_index" */ = {
			isa = XCConfigurationList;
			buildConfigurations = (
				1347A76119E733C800EC86D5 /* Debug */,
				1347A76219E733C800EC86D5 /* Release */,
			);
			defaultConfigurationIsVisible = 0;
			defaultConfigurationName = Release;
		};
		1347A76319E733C800EC86D5 /* Build configuration list for PBXNativeTarget "create_index" */ = {
			isa = XCConfigurationList;
			buildConfigurations = (
				1347A76419E733C800EC86D5 /* Debug */,
				1347A76519E733C800EC86D5 /* Release */,
			);
			defaultConfigurationIsVisible = 0;
		};
/* End XCConfigurationList section */
	};
	rootObject = 1347A75419E733C800EC86D5 /* Project object */;
}
